
Microsoft Visual Studio Solution File, Format Version 12.00
Project("{FAE04EC0-301F-11D3-BF4B-00C04F79EFBC}") = "TT.Experiments", "TT.Experiments\TT.Experiments.csproj", "{C6B04725-4ACE-4560-BCFB-2DDA47D3205D}"
EndProject
Project("{FAE04EC0-301F-11D3-BF4B-00C04F79EFBC}") = "TT.ClassLibrary", "TT.ClassLibrary\TT.ClassLibrary.csproj", "{C0107134-EE26-4525-97D6-BA096484CDE7}"
EndProject
Global
	GlobalSection(SolutionConfigurationPlatforms) = preSolution
		Debug|Any CPU = Debug|Any CPU
		Release|Any CPU = Release|Any CPU
	EndGlobalSection
	GlobalSection(ProjectConfigurationPlatforms) = postSolution
		{C6B04725-4ACE-4560-BCFB-2DDA47D3205D}.Debug|Any CPU.ActiveCfg = Debug|Any CPU
		{C6B04725-4ACE-4560-BCFB-2DDA47D3205D}.Debug|Any CPU.Build.0 = Debug|Any CPU
		{C6B04725-4ACE-4560-BCFB-2DDA47D3205D}.Release|Any CPU.ActiveCfg = Release|Any CPU
		{C6B04725-4ACE-4560-BCFB-2DDA47D3205D}.Release|Any CPU.Build.0 = Release|Any CPU
		{C0107134-EE26-4525-97D6-BA096484CDE7}.Debug|Any CPU.ActiveCfg = Debug|Any CPU
		{C0107134-EE26-4525-97D6-BA096484CDE7}.Debug|Any CPU.Build.0 = Debug|Any CPU
		{C0107134-EE26-4525-97D6-BA096484CDE7}.Release|Any CPU.ActiveCfg = Release|Any CPU
		{C0107134-EE26-4525-97D6-BA096484CDE7}.Release|Any CPU.Build.0 = Release|Any CPU
	EndGlobalSection
EndGlobal
